
Microsoft Visual Studio Solution File, Format Version 12.00
# Visual Studio Version 17
VisualStudioVersion = 17.9.34723.18
MinimumVisualStudioVersion = 10.0.40219.1
Project("{9A19103F-16F7-4668-BE54-9A1E7A4F7556}") = "FMSApp.DAL", "FMSApp.DAL\FMSApp.DAL.csproj", "{E9E7D67B-8D49-433C-A601-F1B23E3264D2}"
EndProject
Project("{9A19103F-16F7-4668-BE54-9A1E7A4F7556}") = "FMSApp.WebUI", "FMSApp.WebUI\FMSApp.WebUI.csproj", "{5A7F185A-31FE-46DC-9578-6B724D1D98F3}"
EndProject
Global
	GlobalSection(SolutionConfigurationPlatforms) = preSolution
		Debug|Any CPU = Debug|Any CPU
		Release|Any CPU = Release|Any CPU
	EndGlobalSection
	GlobalSection(ProjectConfigurationPlatforms) = postSolution
		{E9E7D67B-8D49-433C-A601-F1B23E3264D2}.Debug|Any CPU.ActiveCfg = Debug|Any CPU
		{E9E7D67B-8D49-433C-A601-F1B23E3264D2}.Debug|Any CPU.Build.0 = Debug|Any CPU
		{E9E7D67B-8D49-433C-A601-F1B23E3264D2}.Release|Any CPU.ActiveCfg = Release|Any CPU
		{E9E7D67B-8D49-433C-A601-F1B23E3264D2}.Release|Any CPU.Build.0 = Release|Any CPU
		{5A7F185A-31FE-46DC-9578-6B724D1D98F3}.Debug|Any CPU.ActiveCfg = Debug|Any CPU
		{5A7F185A-31FE-46DC-9578-6B724D1D98F3}.Debug|Any CPU.Build.0 = Debug|Any CPU
		{5A7F185A-31FE-46DC-9578-6B724D1D98F3}.Release|Any CPU.ActiveCfg = Release|Any CPU
		{5A7F185A-31FE-46DC-9578-6B724D1D98F3}.Release|Any CPU.Build.0 = Release|Any CPU
	EndGlobalSection
	GlobalSection(SolutionProperties) = preSolution
		HideSolutionNode = FALSE
	EndGlobalSection
	GlobalSection(ExtensibilityGlobals) = postSolution
		SolutionGuid = {DDD9E50E-BB36-4AEE-9EBD-DC6304B8B217}
	EndGlobalSection
EndGlobal
